
Microsoft Visual Studio Solution File, Format Version 12.00
# Visual Studio Version 17
VisualStudioVersion = 17.0.31903.59
MinimumVisualStudioVersion = 10.0.40219.1
Project("{FAE04EC0-301F-11D3-BF4B-00C04F79EFBC}") = "RockPaperScissors", "RockPaperScissors\RockPaperScissors.csproj", "{E81F68AC-B941-4913-A89C-ECC14AE793D0}"
EndProject
Project("{FAE04EC0-301F-11D3-BF4B-00C04F79EFBC}") = "RockPaperScissorsGame", "RockPaperScissorsGame\RockPaperScissorsGame.csproj", "{56A9C652-431F-46B7-9671-0E9056EFA04C}"
EndProject
Global
	GlobalSection(SolutionConfigurationPlatforms) = preSolution
		Debug|Any CPU = Debug|Any CPU
		Release|Any CPU = Release|Any CPU
	EndGlobalSection
	GlobalSection(SolutionProperties) = preSolution
		HideSolutionNode = FALSE
	EndGlobalSection
	GlobalSection(ProjectConfigurationPlatforms) = postSolution
		{E81F68AC-B941-4913-A89C-ECC14AE793D0}.Debug|Any CPU.ActiveCfg = Debug|Any CPU
		{E81F68AC-B941-4913-A89C-ECC14AE793D0}.Debug|Any CPU.Build.0 = Debug|Any CPU
		{E81F68AC-B941-4913-A89C-ECC14AE793D0}.Release|Any CPU.ActiveCfg = Release|Any CPU
		{E81F68AC-B941-4913-A89C-ECC14AE793D0}.Release|Any CPU.Build.0 = Release|Any CPU
		{56A9C652-431F-46B7-9671-0E9056EFA04C}.Debug|Any CPU.ActiveCfg = Debug|Any CPU
		{56A9C652-431F-46B7-9671-0E9056EFA04C}.Debug|Any CPU.Build.0 = Debug|Any CPU
		{56A9C652-431F-46B7-9671-0E9056EFA04C}.Release|Any CPU.ActiveCfg = Release|Any CPU
		{56A9C652-431F-46B7-9671-0E9056EFA04C}.Release|Any CPU.Build.0 = Release|Any CPU
	EndGlobalSection
EndGlobal
